
Microsoft Visual Studio Solution File, Format Version 12.00
# Visual Studio Version 17
VisualStudioVersion = 17.11.35312.102
MinimumVisualStudioVersion = 10.0.40219.1
Project("{9A19103F-16F7-4668-BE54-9A1E7A4F7556}") = "Creational.Singleton", "Creational\Creational.Singleton\Creational.Singleton.csproj", "{0B19FA55-C651-421A-AFDD-5E623BFDA462}"
EndProject
Project("{9A19103F-16F7-4668-BE54-9A1E7A4F7556}") = "Behavioral.Observer", "Behavioral\Behavioral.Observer\Behavioral.Observer.csproj", "{2B4F402B-8304-4877-AAED-A82D91A92CD0}"
EndProject
Project("{9A19103F-16F7-4668-BE54-9A1E7A4F7556}") = "Structual.Facade", "Structural\Structual.Facade\Structual.Facade.csproj", "{4A224901-2C36-4FC5-94B5-BC029BF82673}"
EndProject
Project("{9A19103F-16F7-4668-BE54-9A1E7A4F7556}") = "Behavioural.Strategy", "Behavioural.Stratergy\Behavioural.Strategy.csproj", "{E94AC823-40D7-478A-AFB6-FA1D769D95C3}"
EndProject
Project("{9A19103F-16F7-4668-BE54-9A1E7A4F7556}") = "Creational.Builder", "Creational.Builder\Creational.Builder.csproj", "{3A7E49D6-AA4A-40B0-B519-F242815DB481}"
EndProject
Project("{9A19103F-16F7-4668-BE54-9A1E7A4F7556}") = "Structural.Adapter", "Structural.Adapter\Structural.Adapter.csproj", "{814BC8F2-3D44-4865-A35E-EA030812B5FA}"
EndProject
Project("{9A19103F-16F7-4668-BE54-9A1E7A4F7556}") = "Structural.Bridge", "Structural.Bridge\Structural.Bridge.csproj", "{6C74378B-FF5B-477C-8AAC-A7428AD5F6BE}"
EndProject
Project("{9A19103F-16F7-4668-BE54-9A1E7A4F7556}") = "Structural.Composite", "Structural.Composite\Structural.Composite.csproj", "{541C16B6-B02B-415F-8786-FF0E244FB64B}"
EndProject
Project("{9A19103F-16F7-4668-BE54-9A1E7A4F7556}") = "Structural.Decorator", "Structural.Decorator\Structural.Decorator.csproj", "{C68594DC-9C94-45A8-946E-55239E2041C0}"
EndProject
Project("{9A19103F-16F7-4668-BE54-9A1E7A4F7556}") = "Behavioral.Mediator", "Behavioral.Mediator\Behavioral.Mediator.csproj", "{FABC70A7-E226-48C4-BF08-78F76DC24609}"
EndProject
Project("{9A19103F-16F7-4668-BE54-9A1E7A4F7556}") = "Behavioural.Memento", "Behavioural.Memento\Behavioural.Memento.csproj", "{87F8D354-38AE-4FA1-8D89-87720F3C4490}"
EndProject
Project("{9A19103F-16F7-4668-BE54-9A1E7A4F7556}") = "Behavioural.ChainOfResposibility", "Behavioural.ChainOfResposibility\Behavioural.ChainOfResposibility.csproj", "{00152384-ED93-4545-A4FD-A7A61CE63785}"
EndProject
Project("{9A19103F-16F7-4668-BE54-9A1E7A4F7556}") = "Behavioural.Iterator", "Behavioural.Iterator\Behavioural.Iterator.csproj", "{F77EA56A-5D02-4CB4-B4BC-185674028D25}"
EndProject
Project("{FAE04EC0-301F-11D3-BF4B-00C04F79EFBC}") = "Behavioural.Command", "Behavioural.Command\Behavioural.Command.csproj", "{3FC1009E-46AA-4BCC-B2E0-F32F821B639B}"
EndProject
Global
	GlobalSection(SolutionConfigurationPlatforms) = preSolution
		Debug|Any CPU = Debug|Any CPU
		Release|Any CPU = Release|Any CPU
	EndGlobalSection
	GlobalSection(ProjectConfigurationPlatforms) = postSolution
		{0B19FA55-C651-421A-AFDD-5E623BFDA462}.Debug|Any CPU.ActiveCfg = Debug|Any CPU
		{0B19FA55-C651-421A-AFDD-5E623BFDA462}.Debug|Any CPU.Build.0 = Debug|Any CPU
		{0B19FA55-C651-421A-AFDD-5E623BFDA462}.Release|Any CPU.ActiveCfg = Release|Any CPU
		{0B19FA55-C651-421A-AFDD-5E623BFDA462}.Release|Any CPU.Build.0 = Release|Any CPU
		{2B4F402B-8304-4877-AAED-A82D91A92CD0}.Debug|Any CPU.ActiveCfg = Debug|Any CPU
		{2B4F402B-8304-4877-AAED-A82D91A92CD0}.Debug|Any CPU.Build.0 = Debug|Any CPU
		{2B4F402B-8304-4877-AAED-A82D91A92CD0}.Release|Any CPU.ActiveCfg = Release|Any CPU
		{2B4F402B-8304-4877-AAED-A82D91A92CD0}.Release|Any CPU.Build.0 = Release|Any CPU
		{4A224901-2C36-4FC5-94B5-BC029BF82673}.Debug|Any CPU.ActiveCfg = Debug|Any CPU
		{4A224901-2C36-4FC5-94B5-BC029BF82673}.Debug|Any CPU.Build.0 = Debug|Any CPU
		{4A224901-2C36-4FC5-94B5-BC029BF82673}.Release|Any CPU.ActiveCfg = Release|Any CPU
		{4A224901-2C36-4FC5-94B5-BC029BF82673}.Release|Any CPU.Build.0 = Release|Any CPU
		{E94AC823-40D7-478A-AFB6-FA1D769D95C3}.Debug|Any CPU.ActiveCfg = Debug|Any CPU
		{E94AC823-40D7-478A-AFB6-FA1D769D95C3}.Debug|Any CPU.Build.0 = Debug|Any CPU
		{E94AC823-40D7-478A-AFB6-FA1D769D95C3}.Release|Any CPU.ActiveCfg = Release|Any CPU
		{E94AC823-40D7-478A-AFB6-FA1D769D95C3}.Release|Any CPU.Build.0 = Release|Any CPU
		{3A7E49D6-AA4A-40B0-B519-F242815DB481}.Debug|Any CPU.ActiveCfg = Debug|Any CPU
		{3A7E49D6-AA4A-40B0-B519-F242815DB481}.Debug|Any CPU.Build.0 = Debug|Any CPU
		{3A7E49D6-AA4A-40B0-B519-F242815DB481}.Release|Any CPU.ActiveCfg = Release|Any CPU
		{3A7E49D6-AA4A-40B0-B519-F242815DB481}.Release|Any CPU.Build.0 = Release|Any CPU
		{814BC8F2-3D44-4865-A35E-EA030812B5FA}.Debug|Any CPU.ActiveCfg = Debug|Any CPU
		{814BC8F2-3D44-4865-A35E-EA030812B5FA}.Debug|Any CPU.Build.0 = Debug|Any CPU
		{814BC8F2-3D44-4865-A35E-EA030812B5FA}.Release|Any CPU.ActiveCfg = Release|Any CPU
		{814BC8F2-3D44-4865-A35E-EA030812B5FA}.Release|Any CPU.Build.0 = Release|Any CPU
		{6C74378B-FF5B-477C-8AAC-A7428AD5F6BE}.Debug|Any CPU.ActiveCfg = Debug|Any CPU
		{6C74378B-FF5B-477C-8AAC-A7428AD5F6BE}.Debug|Any CPU.Build.0 = Debug|Any CPU
		{6C74378B-FF5B-477C-8AAC-A7428AD5F6BE}.Release|Any CPU.ActiveCfg = Release|Any CPU
		{6C74378B-FF5B-477C-8AAC-A7428AD5F6BE}.Release|Any CPU.Build.0 = Release|Any CPU
		{541C16B6-B02B-415F-8786-FF0E244FB64B}.Debug|Any CPU.ActiveCfg = Debug|Any CPU
		{541C16B6-B02B-415F-8786-FF0E244FB64B}.Debug|Any CPU.Build.0 = Debug|Any CPU
		{541C16B6-B02B-415F-8786-FF0E244FB64B}.Release|Any CPU.ActiveCfg = Release|Any CPU
		{541C16B6-B02B-415F-8786-FF0E244FB64B}.Release|Any CPU.Build.0 = Release|Any CPU
		{C68594DC-9C94-45A8-946E-55239E2041C0}.Debug|Any CPU.ActiveCfg = Debug|Any CPU
		{C68594DC-9C94-45A8-946E-55239E2041C0}.Debug|Any CPU.Build.0 = Debug|Any CPU
		{C68594DC-9C94-45A8-946E-55239E2041C0}.Release|Any CPU.ActiveCfg = Release|Any CPU
		{C68594DC-9C94-45A8-946E-55239E2041C0}.Release|Any CPU.Build.0 = Release|Any CPU
		{FABC70A7-E226-48C4-BF08-78F76DC24609}.Debug|Any CPU.ActiveCfg = Debug|Any CPU
		{FABC70A7-E226-48C4-BF08-78F76DC24609}.Debug|Any CPU.Build.0 = Debug|Any CPU
		{FABC70A7-E226-48C4-BF08-78F76DC24609}.Release|Any CPU.ActiveCfg = Release|Any CPU
		{FABC70A7-E226-48C4-BF08-78F76DC24609}.Release|Any CPU.Build.0 = Release|Any CPU
		{87F8D354-38AE-4FA1-8D89-87720F3C4490}.Debug|Any CPU.ActiveCfg = Debug|Any CPU
		{87F8D354-38AE-4FA1-8D89-87720F3C4490}.Debug|Any CPU.Build.0 = Debug|Any CPU
		{87F8D354-38AE-4FA1-8D89-87720F3C4490}.Release|Any CPU.ActiveCfg = Release|Any CPU
		{87F8D354-38AE-4FA1-8D89-87720F3C4490}.Release|Any CPU.Build.0 = Release|Any CPU
		{00152384-ED93-4545-A4FD-A7A61CE63785}.Debug|Any CPU.ActiveCfg = Debug|Any CPU
		{00152384-ED93-4545-A4FD-A7A61CE63785}.Debug|Any CPU.Build.0 = Debug|Any CPU
		{00152384-ED93-4545-A4FD-A7A61CE63785}.Release|Any CPU.ActiveCfg = Release|Any CPU
		{00152384-ED93-4545-A4FD-A7A61CE63785}.Release|Any CPU.Build.0 = Release|Any CPU
		{F77EA56A-5D02-4CB4-B4BC-185674028D25}.Debug|Any CPU.ActiveCfg = Debug|Any CPU
		{F77EA56A-5D02-4CB4-B4BC-185674028D25}.Debug|Any CPU.Build.0 = Debug|Any CPU
		{F77EA56A-5D02-4CB4-B4BC-185674028D25}.Release|Any CPU.ActiveCfg = Release|Any CPU
		{F77EA56A-5D02-4CB4-B4BC-185674028D25}.Release|Any CPU.Build.0 = Release|Any CPU
		{3FC1009E-46AA-4BCC-B2E0-F32F821B639B}.Debug|Any CPU.ActiveCfg = Debug|Any CPU
		{3FC1009E-46AA-4BCC-B2E0-F32F821B639B}.Debug|Any CPU.Build.0 = Debug|Any CPU
		{3FC1009E-46AA-4BCC-B2E0-F32F821B639B}.Release|Any CPU.ActiveCfg = Release|Any CPU
		{3FC1009E-46AA-4BCC-B2E0-F32F821B639B}.Release|Any CPU.Build.0 = Release|Any CPU
	EndGlobalSection
	GlobalSection(SolutionProperties) = preSolution
		HideSolutionNode = FALSE
	EndGlobalSection
	GlobalSection(ExtensibilityGlobals) = postSolution
		SolutionGuid = {E970F25D-3806-4F35-ADB1-0044DECC868B}
	EndGlobalSection
EndGlobal
