
Microsoft Visual Studio Solution File, Format Version 12.00
# Visual Studio Version 17
VisualStudioVersion = 17.11.35312.102
MinimumVisualStudioVersion = 10.0.40219.1
Project("{9A19103F-16F7-4668-BE54-9A1E7A4F7556}") = "Behavioural.ChainOfResposibility", "Behavioral\ChainOfResposibility\Behavioural.ChainOfResposibility.csproj", "{0E9E28AE-9F5E-4604-BB1C-B8690DDAB2FF}"
EndProject
Project("{9A19103F-16F7-4668-BE54-9A1E7A4F7556}") = "Behavioural.Command", "Behavioral\Command\Behavioural.Command.csproj", "{E1450AE2-A9CD-4E65-9E96-2DBE84FB10AC}"
EndProject
Project("{9A19103F-16F7-4668-BE54-9A1E7A4F7556}") = "Behavioural.Iterator", "Behavioral\Iterator\Behavioural.Iterator.csproj", "{DA22ECC0-3710-40AB-A1CA-BAF60696E5AB}"
EndProject
Project("{9A19103F-16F7-4668-BE54-9A1E7A4F7556}") = "Behavioral.Mediator", "Behavioral\Mediator\Behavioral.Mediator.csproj", "{6AE3B78E-C654-4596-B655-8AA74589BF3A}"
EndProject
Project("{9A19103F-16F7-4668-BE54-9A1E7A4F7556}") = "Behavioural.Memento", "Behavioral\Memento\Behavioural.Memento.csproj", "{84EE978C-6F38-46B0-BCC0-44E0D368BEA3}"
EndProject
Project("{9A19103F-16F7-4668-BE54-9A1E7A4F7556}") = "Behavioral.Observer", "Behavioral\Observer\Behavioral.Observer.csproj", "{9E88EEFE-C3EB-44A1-BC4F-CCC7281382D0}"
EndProject
Project("{9A19103F-16F7-4668-BE54-9A1E7A4F7556}") = "Behavioural.State", "Behavioral\State\Behavioural.State.csproj", "{AF68537A-0EE2-4C5D-A7D0-FE2B6484A314}"
EndProject
Project("{9A19103F-16F7-4668-BE54-9A1E7A4F7556}") = "Behavioural.Strategy", "Behavioral\Stratergy\Behavioural.Strategy.csproj", "{5789B943-2263-4213-954D-60E336FC87BC}"
EndProject
Project("{9A19103F-16F7-4668-BE54-9A1E7A4F7556}") = "Behavioural.Template", "Behavioral\Template\Behavioural.Template.csproj", "{C22A06E0-A530-43F6-B1B9-BD168671FE1D}"
EndProject
Project("{9A19103F-16F7-4668-BE54-9A1E7A4F7556}") = "Creational.Builder", "Creational\Builder\Creational.Builder.csproj", "{B01885AB-BED0-43F1-9C3C-A9535B5A7F33}"
EndProject
Project("{9A19103F-16F7-4668-BE54-9A1E7A4F7556}") = "Creational.Prototype", "Creational\Prototype\Creational.Prototype.csproj", "{31439973-A27A-4CE3-B064-45626CE83AD9}"
EndProject
Project("{9A19103F-16F7-4668-BE54-9A1E7A4F7556}") = "Creational.Singleton", "Creational\Singleton\Creational.Singleton.csproj", "{43ABC384-8B4C-4C1B-B4CD-1D6A6D6A809B}"
EndProject
Project("{9A19103F-16F7-4668-BE54-9A1E7A4F7556}") = "Structural.Adapter", "Structural\Adapter\Structural.Adapter.csproj", "{1E7AC960-09E5-4B7C-9FA4-79DEC0918F68}"
EndProject
Project("{9A19103F-16F7-4668-BE54-9A1E7A4F7556}") = "Structural.Bridge", "Structural\Bridge\Structural.Bridge.csproj", "{92B0B587-B579-47B2-B6D7-111317AD3519}"
EndProject
Project("{9A19103F-16F7-4668-BE54-9A1E7A4F7556}") = "Structural.Composite", "Structural\Composite\Structural.Composite.csproj", "{58F500FD-663D-4877-A03D-9486A14C3887}"
EndProject
Project("{9A19103F-16F7-4668-BE54-9A1E7A4F7556}") = "Structural.Decorator", "Structural\Decorator\Structural.Decorator.csproj", "{01FD7CB6-8CD0-4B9A-B8EC-7879826EDB50}"
EndProject
Project("{9A19103F-16F7-4668-BE54-9A1E7A4F7556}") = "Structual.Facade", "Structural\Facade\Structual.Facade.csproj", "{CE1FA951-14DF-4B47-9B58-824A41DBC0F3}"
EndProject
Global
	GlobalSection(SolutionConfigurationPlatforms) = preSolution
		Debug|Any CPU = Debug|Any CPU
		Release|Any CPU = Release|Any CPU
	EndGlobalSection
	GlobalSection(ProjectConfigurationPlatforms) = postSolution
		{0E9E28AE-9F5E-4604-BB1C-B8690DDAB2FF}.Debug|Any CPU.ActiveCfg = Debug|Any CPU
		{0E9E28AE-9F5E-4604-BB1C-B8690DDAB2FF}.Debug|Any CPU.Build.0 = Debug|Any CPU
		{0E9E28AE-9F5E-4604-BB1C-B8690DDAB2FF}.Release|Any CPU.ActiveCfg = Release|Any CPU
		{0E9E28AE-9F5E-4604-BB1C-B8690DDAB2FF}.Release|Any CPU.Build.0 = Release|Any CPU
		{E1450AE2-A9CD-4E65-9E96-2DBE84FB10AC}.Debug|Any CPU.ActiveCfg = Debug|Any CPU
		{E1450AE2-A9CD-4E65-9E96-2DBE84FB10AC}.Debug|Any CPU.Build.0 = Debug|Any CPU
		{E1450AE2-A9CD-4E65-9E96-2DBE84FB10AC}.Release|Any CPU.ActiveCfg = Release|Any CPU
		{E1450AE2-A9CD-4E65-9E96-2DBE84FB10AC}.Release|Any CPU.Build.0 = Release|Any CPU
		{DA22ECC0-3710-40AB-A1CA-BAF60696E5AB}.Debug|Any CPU.ActiveCfg = Debug|Any CPU
		{DA22ECC0-3710-40AB-A1CA-BAF60696E5AB}.Debug|Any CPU.Build.0 = Debug|Any CPU
		{DA22ECC0-3710-40AB-A1CA-BAF60696E5AB}.Release|Any CPU.ActiveCfg = Release|Any CPU
		{DA22ECC0-3710-40AB-A1CA-BAF60696E5AB}.Release|Any CPU.Build.0 = Release|Any CPU
		{6AE3B78E-C654-4596-B655-8AA74589BF3A}.Debug|Any CPU.ActiveCfg = Debug|Any CPU
		{6AE3B78E-C654-4596-B655-8AA74589BF3A}.Debug|Any CPU.Build.0 = Debug|Any CPU
		{6AE3B78E-C654-4596-B655-8AA74589BF3A}.Release|Any CPU.ActiveCfg = Release|Any CPU
		{6AE3B78E-C654-4596-B655-8AA74589BF3A}.Release|Any CPU.Build.0 = Release|Any CPU
		{84EE978C-6F38-46B0-BCC0-44E0D368BEA3}.Debug|Any CPU.ActiveCfg = Debug|Any CPU
		{84EE978C-6F38-46B0-BCC0-44E0D368BEA3}.Debug|Any CPU.Build.0 = Debug|Any CPU
		{84EE978C-6F38-46B0-BCC0-44E0D368BEA3}.Release|Any CPU.ActiveCfg = Release|Any CPU
		{84EE978C-6F38-46B0-BCC0-44E0D368BEA3}.Release|Any CPU.Build.0 = Release|Any CPU
		{9E88EEFE-C3EB-44A1-BC4F-CCC7281382D0}.Debug|Any CPU.ActiveCfg = Debug|Any CPU
		{9E88EEFE-C3EB-44A1-BC4F-CCC7281382D0}.Debug|Any CPU.Build.0 = Debug|Any CPU
		{9E88EEFE-C3EB-44A1-BC4F-CCC7281382D0}.Release|Any CPU.ActiveCfg = Release|Any CPU
		{9E88EEFE-C3EB-44A1-BC4F-CCC7281382D0}.Release|Any CPU.Build.0 = Release|Any CPU
		{AF68537A-0EE2-4C5D-A7D0-FE2B6484A314}.Debug|Any CPU.ActiveCfg = Debug|Any CPU
		{AF68537A-0EE2-4C5D-A7D0-FE2B6484A314}.Debug|Any CPU.Build.0 = Debug|Any CPU
		{AF68537A-0EE2-4C5D-A7D0-FE2B6484A314}.Release|Any CPU.ActiveCfg = Release|Any CPU
		{AF68537A-0EE2-4C5D-A7D0-FE2B6484A314}.Release|Any CPU.Build.0 = Release|Any CPU
		{5789B943-2263-4213-954D-60E336FC87BC}.Debug|Any CPU.ActiveCfg = Debug|Any CPU
		{5789B943-2263-4213-954D-60E336FC87BC}.Debug|Any CPU.Build.0 = Debug|Any CPU
		{5789B943-2263-4213-954D-60E336FC87BC}.Release|Any CPU.ActiveCfg = Release|Any CPU
		{5789B943-2263-4213-954D-60E336FC87BC}.Release|Any CPU.Build.0 = Release|Any CPU
		{C22A06E0-A530-43F6-B1B9-BD168671FE1D}.Debug|Any CPU.ActiveCfg = Debug|Any CPU
		{C22A06E0-A530-43F6-B1B9-BD168671FE1D}.Debug|Any CPU.Build.0 = Debug|Any CPU
		{C22A06E0-A530-43F6-B1B9-BD168671FE1D}.Release|Any CPU.ActiveCfg = Release|Any CPU
		{C22A06E0-A530-43F6-B1B9-BD168671FE1D}.Release|Any CPU.Build.0 = Release|Any CPU
		{B01885AB-BED0-43F1-9C3C-A9535B5A7F33}.Debug|Any CPU.ActiveCfg = Debug|Any CPU
		{B01885AB-BED0-43F1-9C3C-A9535B5A7F33}.Debug|Any CPU.Build.0 = Debug|Any CPU
		{B01885AB-BED0-43F1-9C3C-A9535B5A7F33}.Release|Any CPU.ActiveCfg = Release|Any CPU
		{B01885AB-BED0-43F1-9C3C-A9535B5A7F33}.Release|Any CPU.Build.0 = Release|Any CPU
		{31439973-A27A-4CE3-B064-45626CE83AD9}.Debug|Any CPU.ActiveCfg = Debug|Any CPU
		{31439973-A27A-4CE3-B064-45626CE83AD9}.Debug|Any CPU.Build.0 = Debug|Any CPU
		{31439973-A27A-4CE3-B064-45626CE83AD9}.Release|Any CPU.ActiveCfg = Release|Any CPU
		{31439973-A27A-4CE3-B064-45626CE83AD9}.Release|Any CPU.Build.0 = Release|Any CPU
		{43ABC384-8B4C-4C1B-B4CD-1D6A6D6A809B}.Debug|Any CPU.ActiveCfg = Debug|Any CPU
		{43ABC384-8B4C-4C1B-B4CD-1D6A6D6A809B}.Debug|Any CPU.Build.0 = Debug|Any CPU
		{43ABC384-8B4C-4C1B-B4CD-1D6A6D6A809B}.Release|Any CPU.ActiveCfg = Release|Any CPU
		{43ABC384-8B4C-4C1B-B4CD-1D6A6D6A809B}.Release|Any CPU.Build.0 = Release|Any CPU
		{1E7AC960-09E5-4B7C-9FA4-79DEC0918F68}.Debug|Any CPU.ActiveCfg = Debug|Any CPU
		{1E7AC960-09E5-4B7C-9FA4-79DEC0918F68}.Debug|Any CPU.Build.0 = Debug|Any CPU
		{1E7AC960-09E5-4B7C-9FA4-79DEC0918F68}.Release|Any CPU.ActiveCfg = Release|Any CPU
		{1E7AC960-09E5-4B7C-9FA4-79DEC0918F68}.Release|Any CPU.Build.0 = Release|Any CPU
		{92B0B587-B579-47B2-B6D7-111317AD3519}.Debug|Any CPU.ActiveCfg = Debug|Any CPU
		{92B0B587-B579-47B2-B6D7-111317AD3519}.Debug|Any CPU.Build.0 = Debug|Any CPU
		{92B0B587-B579-47B2-B6D7-111317AD3519}.Release|Any CPU.ActiveCfg = Release|Any CPU
		{92B0B587-B579-47B2-B6D7-111317AD3519}.Release|Any CPU.Build.0 = Release|Any CPU
		{58F500FD-663D-4877-A03D-9486A14C3887}.Debug|Any CPU.ActiveCfg = Debug|Any CPU
		{58F500FD-663D-4877-A03D-9486A14C3887}.Debug|Any CPU.Build.0 = Debug|Any CPU
		{58F500FD-663D-4877-A03D-9486A14C3887}.Release|Any CPU.ActiveCfg = Release|Any CPU
		{58F500FD-663D-4877-A03D-9486A14C3887}.Release|Any CPU.Build.0 = Release|Any CPU
		{01FD7CB6-8CD0-4B9A-B8EC-7879826EDB50}.Debug|Any CPU.ActiveCfg = Debug|Any CPU
		{01FD7CB6-8CD0-4B9A-B8EC-7879826EDB50}.Debug|Any CPU.Build.0 = Debug|Any CPU
		{01FD7CB6-8CD0-4B9A-B8EC-7879826EDB50}.Release|Any CPU.ActiveCfg = Release|Any CPU
		{01FD7CB6-8CD0-4B9A-B8EC-7879826EDB50}.Release|Any CPU.Build.0 = Release|Any CPU
		{CE1FA951-14DF-4B47-9B58-824A41DBC0F3}.Debug|Any CPU.ActiveCfg = Debug|Any CPU
		{CE1FA951-14DF-4B47-9B58-824A41DBC0F3}.Debug|Any CPU.Build.0 = Debug|Any CPU
		{CE1FA951-14DF-4B47-9B58-824A41DBC0F3}.Release|Any CPU.ActiveCfg = Release|Any CPU
		{CE1FA951-14DF-4B47-9B58-824A41DBC0F3}.Release|Any CPU.Build.0 = Release|Any CPU
	EndGlobalSection
	GlobalSection(SolutionProperties) = preSolution
		HideSolutionNode = FALSE
	EndGlobalSection
	GlobalSection(ExtensibilityGlobals) = postSolution
		SolutionGuid = {E970F25D-3806-4F35-ADB1-0044DECC868B}
	EndGlobalSection
EndGlobal
